{
    "hash": "f6e63f35719d8b1ea94a6142eaa08de9",
    "packages": [
        {
            "package": "doctrine/common",
            "version": "2.3.x-dev",
            "source-reference": "605b1b8b5a7bc8daf9111fb35483e5708e30de35",
            "commit-date": "1346249247"
        },
        {
            "package": "doctrine/dbal",
            "version": "2.3.x-dev",
            "source-reference": "239630b61f03f39d198441eced1bfffb7b0e61d1",
            "commit-date": "1346866589"
        },
        {
            "package": "doctrine/doctrine-bundle",
            "version": "v1.0.0"
        },
        {
            "package": "doctrine/mongodb",
            "version": "1.0.0-BETA1"
        },
        {
            "package": "doctrine/mongodb-odm",
            "version": "1.0.0-BETA5"
        },
        {
            "package": "doctrine/mongodb-odm-bundle",
            "version": "v3.0.0-BETA3"
        },
        {
            "package": "doctrine/orm",
            "version": "2.3.0-RC3"
        },
        {
            "package": "friendsofsymfony/user-bundle",
            "version": "dev-master",
            "source-reference": "24edb2f2e83b227a4ba24180c69758005e805991",
            "commit-date": "1346829941"
        },
        {
            "package": "jms/aop-bundle",
            "version": "1.0.0"
        },
        {
            "package": "jms/cg",
            "version": "1.0.0"
        },
        {
            "package": "jms/di-extra-bundle",
            "version": "1.1.0"
        },
        {
            "package": "jms/metadata",
            "version": "1.1.1"
        },
        {
            "package": "jms/security-extra-bundle",
            "version": "1.2.0"
        },
        {
            "package": "kriswallsmith/assetic",
            "version": "v1.1.0-alpha1"
        },
        {
            "package": "monolog/monolog",
            "version": "1.2.1"
        },
        {
            "package": "sensio/distribution-bundle",
            "version": "v2.1.0"
        },
        {
            "package": "sensio/framework-extra-bundle",
            "version": "v2.1.0"
        },
        {
            "package": "sensio/generator-bundle",
            "version": "v2.1.0"
        },
        {
            "package": "swiftmailer/swiftmailer",
            "version": "v4.2.1"
        },
        {
            "package": "symfony/assetic-bundle",
            "version": "v2.1.0"
        },
        {
            "package": "symfony/monolog-bundle",
            "version": "v2.1.0"
        },
        {
            "package": "symfony/swiftmailer-bundle",
            "version": "v2.1.0"
        },
        {
            "package": "symfony/symfony",
            "version": "2.1.x-dev",
            "source-reference": "e7059b44c78ca8e1e892adb4d93b5a482f4eb9b3",
            "commit-date": "1346926323"
        },
        {
            "package": "twig/extensions",
            "version": "v1.0.0-alpha"
        },
        {
            "package": "twig/twig",
            "version": "dev-master",
            "alias-pretty-version": "1.9.x-dev",
            "alias-version": "1.9.9999999.9999999-dev"
        },
        {
            "package": "twig/twig",
            "version": "dev-master",
            "source-reference": "68b8c4619c5bbe82bd345fe56070dec8c356610a",
            "commit-date": "1347025342"
        }
    ],
    "packages-dev": null,
    "aliases": [

    ],
    "minimum-stability": "beta",
    "stability-flags": {
        "doctrine/mongodb-odm-bundle": 10,
        "friendsofsymfony/user-bundle": 20
    }
}
